{
  "requires": true,
  "lockfileVersion": 1,
  "dependencies": {
    "alert": {
      "version": "5.0.0",
      "resolved": "https://registry.npmjs.org/alert/-/alert-5.0.0.tgz",
      "integrity": "sha512-wBxRKKdbeykd1c1IOssidnyiex5UZbBCtA2nT/OraNvLvQJoYT7VM4BusSCTIzun9zjJWIqZkm03j7QIJAAYuQ==",
      "requires": {
        "is-program-installed": "2.0.9"
      },
      "dependencies": {
        "is-program-installed": {
          "version": "2.0.9",
          "resolved": "https://registry.npmjs.org/is-program-installed/-/is-program-installed-2.0.9.tgz",
          "integrity": "sha512-BmP8AIYqoNxJy3pEwmVX7kYeG/JGR/7ZjqooG6yS0J1zsnskna5KOb3RNxNdnOw4Yc3xdMJQLxoZsVjRnUGQSg=="
        }
      }
    },
    "alert-node": {
      "version": "3.0.11",
      "resolved": "https://registry.npmjs.org/alert-node/-/alert-node-3.0.11.tgz",
      "integrity": "sha512-O8ot3ra3qYx8porQc8ug23e7qMiVtRAGUrgauGDITTxffLqmWlk90bf0JUhbD1jd5s1+0EUq9T87ZI0N52to8Q==",
      "requires": {
        "is-program-installed": "2.0.7"
      }
    },
    "is-program-installed": {
      "version": "2.0.7",
      "resolved": "https://registry.npmjs.org/is-program-installed/-/is-program-installed-2.0.7.tgz",
      "integrity": "sha512-uunad1pkcM4mTMHiu3cMAfVteHZ4pvl4BGUIVdPv/Iu1XcylxDYd8Cfo+1pWFf77qRkWoPZPsmUkBAsHFAk2xA=="
    }
  }
}
